PODS:
  - SDWebImage (4.3.3):
    - SDWebImage/Core (= 4.3.3)
  - SDWebImage/Core (4.3.3)

DEPENDENCIES:
  - SDWebImage (~> 4.0)

SPEC REPOS:
  https://github.com/CocoaPods/Specs.git:
    - SDWebImage

SPEC CHECKSUMS:
  SDWebImage: de4d90b5bff3571eae7bd16202b1f43135409fa5

PODFILE CHECKSUM: ae65cfc3be810f894e1c2bafb8e38bef45ed2724

COCOAPODS: 1.5.0
